
Microsoft Visual Studio Solution File, Format Version 12.00
# Visual Studio 15
VisualStudioVersion = 15.0.27004.2010
MinimumVisualStudioVersion = 10.0.40219.1
Project("{FAE04EC0-301F-11D3-BF4B-00C04F79EFBC}") = "LogWatcher", "LogWatcher\LogWatcher.csproj", "{D3B67AA3-9619-4F2E-AC81-82538F8080C2}"
EndProject
Global
	GlobalSection(SolutionConfigurationPlatforms) = preSolution
		Debug|Any CPU = Debug|Any CPU
		Release|Any CPU = Release|Any CPU
	EndGlobalSection
	GlobalSection(ProjectConfigurationPlatforms) = postSolution
		{D3B67AA3-9619-4F2E-AC81-82538F8080C2}.Debug|Any CPU.ActiveCfg = Debug|Any CPU
		{D3B67AA3-9619-4F2E-AC81-82538F8080C2}.Debug|Any CPU.Build.0 = Debug|Any CPU
		{D3B67AA3-9619-4F2E-AC81-82538F8080C2}.Release|Any CPU.ActiveCfg = Release|Any CPU
		{D3B67AA3-9619-4F2E-AC81-82538F8080C2}.Release|Any CPU.Build.0 = Release|Any CPU
	EndGlobalSection
	GlobalSection(SolutionProperties) = preSolution
		HideSolutionNode = FALSE
	EndGlobalSection
	GlobalSection(ExtensibilityGlobals) = postSolution
		SolutionGuid = {9C8A1185-EA0F-4B01-AC43-6DAB15512B85}
	EndGlobalSection
EndGlobal
